
Microsoft Visual Studio Solution File, Format Version 12.00
# Visual Studio 15
VisualStudioVersion = 15.0.27703.2018
MinimumVisualStudioVersion = 10.0.40219.1
Project("{FAE04EC0-301F-11D3-BF4B-00C04F79EFBC}") = "WebTest", "WebTest\WebTest.csproj", "{ED80C92A-CAC4-4040-941F-8226F39DB87E}"
EndProject
Global
	GlobalSection(SolutionConfigurationPlatforms) = preSolution
		Debug|Any CPU = Debug|Any CPU
		Release|Any CPU = Release|Any CPU
	EndGlobalSection
	GlobalSection(ProjectConfigurationPlatforms) = postSolution
		{ED80C92A-CAC4-4040-941F-8226F39DB87E}.Debug|Any CPU.ActiveCfg = Debug|Any CPU
		{ED80C92A-CAC4-4040-941F-8226F39DB87E}.Debug|Any CPU.Build.0 = Debug|Any CPU
		{ED80C92A-CAC4-4040-941F-8226F39DB87E}.Release|Any CPU.ActiveCfg = Release|Any CPU
		{ED80C92A-CAC4-4040-941F-8226F39DB87E}.Release|Any CPU.Build.0 = Release|Any CPU
	EndGlobalSection
	GlobalSection(SolutionProperties) = preSolution
		HideSolutionNode = FALSE
	EndGlobalSection
	GlobalSection(ExtensibilityGlobals) = postSolution
		SolutionGuid = {043AB24E-30CB-47E0-A67D-359F78EA93ED}
	EndGlobalSection
EndGlobal
